# This file is automatically @generated by Cargo.
# It is not intended for manual editing.
version = 3

[[package]]
name = "erasurecoding"
version = "0.1.0"
dependencies = [
 "hex",
 "libc",
 "reed-solomon-simd",
]

[[package]]
name = "fixedbitset"
version = "0.4.2"
source = "registry+https://github.com/rust-lang/crates.io-index"
checksum = "0ce7134b9999ecaf8bcd65542e436736ef32ddca1b3e06094cb6ec5755203b80"

[[package]]
name = "hex"
version = "0.4.3"
source = "registry+https://github.com/rust-lang/crates.io-index"
checksum = "7f24254aa9a54b5c858eaee2f5bccdb46aaf0e486a595ed5fd8f86ba55232a70"

[[package]]
name = "libc"
version = "0.2.168"
source = "registry+https://github.com/rust-lang/crates.io-index"
checksum = "5aaeb2981e0606ca11d79718f8bb01164f1d6ed75080182d3abf017e6d244b6d"

[[package]]
name = "readme-rustdocifier"
version = "0.1.1"
source = "registry+https://github.com/rust-lang/crates.io-index"
checksum = "08ad765b21a08b1a8e5cdce052719188a23772bcbefb3c439f0baaf62c56ceac"

[[package]]
name = "reed-solomon-simd"
version = "3.0.1"
source = "registry+https://github.com/rust-lang/crates.io-index"
checksum = "ab6badd4f4b9c93832eb3707431e8e7bea282fae96801312f0990d48b030f8c5"
dependencies = [
 "fixedbitset",
 "readme-rustdocifier",
]
